// !$*UTF8*$!
{
	archiveVersion = 1;
	classes = {
	};
	objectVersion = 56;
	objects = {

/* Begin PBXBuildFile section */
		8370D3492961AEA7002F5710 /* AppDelegate.swift in Sources */ = {isa = PBXBuildFile; fileRef = 8370D3482961AEA7002F5710 /* AppDelegate.swift */; };
		8370D34B2961AEA7002F5710 /* SceneDelegate.swift in Sources */ = {isa = PBXBuildFile; fileRef = 8370D34A2961AEA7002F5710 /* SceneDelegate.swift */; };
		8370D34D2961AEA7002F5710 /* PlacesViewController.swift in Sources */ = {isa = PBXBuildFile; fileRef = 8370D34C2961AEA7002F5710 /* PlacesViewController.swift */; };
		8370D3522961AEA9002F5710 /* Assets.xcassets in Resources */ = {isa = PBXBuildFile; fileRef = 8370D3512961AEA9002F5710 /* Assets.xcassets */; };
		8370D3552961AEA9002F5710 /* LaunchScreen.storyboard in Resources */ = {isa = PBXBuildFile; fileRef = 8370D3532961AEA9002F5710 /* LaunchScreen.storyboard */; };
		8370D3692961B240002F5710 /* LoadingManager.swift in Sources */ = {isa = PBXBuildFile; fileRef = 8370D35D2961B240002F5710 /* LoadingManager.swift */; };
		8370D36A2961B241002F5710 /* Constants.swift in Sources */ = {isa = PBXBuildFile; fileRef = 8370D35F2961B240002F5710 /* Constants.swift */; };
		8370D36C2961B241002F5710 /* Extensions.swift in Sources */ = {isa = PBXBuildFile; fileRef = 8370D3612961B240002F5710 /* Extensions.swift */; };
		8370D36D2961B241002F5710 /* CodableManager.swift in Sources */ = {isa = PBXBuildFile; fileRef = 8370D3632961B240002F5710 /* CodableManager.swift */; };
		8370D36E2961B241002F5710 /* EndPoints.swift in Sources */ = {isa = PBXBuildFile; fileRef = 8370D3642961B240002F5710 /* EndPoints.swift */; };
		8370D36F2961B241002F5710 /* CommunicationManager.swift in Sources */ = {isa = PBXBuildFile; fileRef = 8370D3652961B240002F5710 /* CommunicationManager.swift */; };
		8370D3702961B241002F5710 /* ErrorHandling.swift in Sources */ = {isa = PBXBuildFile; fileRef = 8370D3662961B240002F5710 /* ErrorHandling.swift */; };
		8370D3712961B241002F5710 /* ErrorManager.swift in Sources */ = {isa = PBXBuildFile; fileRef = 8370D3672961B240002F5710 /* ErrorManager.swift */; };
		8370D37A2961B3C6002F5710 /* PlacesModel.swift in Sources */ = {isa = PBXBuildFile; fileRef = 8370D3792961B3C6002F5710 /* PlacesModel.swift */; };
		8370D37D2961B8C5002F5710 /* PlacesRemoteDataSource.swift in Sources */ = {isa = PBXBuildFile; fileRef = 8370D37C2961B8C5002F5710 /* PlacesRemoteDataSource.swift */; };
		8370D3802961BDBD002F5710 /* PlacesLayoutViewModel.swift in Sources */ = {isa = PBXBuildFile; fileRef = 8370D37F2961BDBD002F5710 /* PlacesLayoutViewModel.swift */; };
		8370D3822961C031002F5710 /* PlacesViewModel.swift in Sources */ = {isa = PBXBuildFile; fileRef = 8370D3812961C031002F5710 /* PlacesViewModel.swift */; };
		8370D38429630683002F5710 /* PositionModel.swift in Sources */ = {isa = PBXBuildFile; fileRef = 8370D38329630683002F5710 /* PositionModel.swift */; };
		8370D38629630747002F5710 /* PositionsLayoutViewModel.swift in Sources */ = {isa = PBXBuildFile; fileRef = 8370D38529630747002F5710 /* PositionsLayoutViewModel.swift */; };
/* End PBXBuildFile section */

/* Begin PBXFileReference section */
		8370D3452961AEA7002F5710 /* GetPlaces.app */ = {isa = PBXFileReference; explicitFileType = wrapper.application; includeInIndex = 0; path = GetPlaces.app; sourceTree = BUILT_PRODUCTS_DIR; };
		8370D3482961AEA7002F5710 /* AppDelegate.swift */ = {isa = PBXFileReference; lastKnownFileType = sourcecode.swift; path = AppDelegate.swift; sourceTree = "<group>"; };
		8370D34A2961AEA7002F5710 /* SceneDelegate.swift */ = {isa = PBXFileReference; lastKnownFileType = sourcecode.swift; path = SceneDelegate.swift; sourceTree = "<group>"; };
		8370D34C2961AEA7002F5710 /* PlacesViewController.swift */ = {isa = PBXFileReference; lastKnownFileType = sourcecode.swift; path = PlacesViewController.swift; sourceTree = "<group>"; };
		8370D3512961AEA9002F5710 /* Assets.xcassets */ = {isa = PBXFileReference; lastKnownFileType = folder.assetcatalog; path = Assets.xcassets; sourceTree = "<group>"; };
		8370D3542961AEA9002F5710 /* Base */ = {isa = PBXFileReference; lastKnownFileType = file.storyboard; name = Base; path = Base.lproj/LaunchScreen.storyboard; sourceTree = "<group>"; };
		8370D3562961AEA9002F5710 /* Info.plist */ = {isa = PBXFileReference; lastKnownFileType = text.plist.xml; path = Info.plist; sourceTree = "<group>"; };
		8370D35D2961B240002F5710 /* LoadingManager.swift */ = {isa = PBXFileReference; fileEncoding = 4; lastKnownFileType = sourcecode.swift; path = LoadingManager.swift; sourceTree = "<group>"; };
		8370D35F2961B240002F5710 /* Constants.swift */ = {isa = PBXFileReference; fileEncoding = 4; lastKnownFileType = sourcecode.swift; path = Constants.swift; sourceTree = "<group>"; };
		8370D3612961B240002F5710 /* Extensions.swift */ = {isa = PBXFileReference; fileEncoding = 4; lastKnownFileType = sourcecode.swift; path = Extensions.swift; sourceTree = "<group>"; };
		8370D3632961B240002F5710 /* CodableManager.swift */ = {isa = PBXFileReference; fileEncoding = 4; lastKnownFileType = sourcecode.swift; path = CodableManager.swift; sourceTree = "<group>"; };
		8370D3642961B240002F5710 /* EndPoints.swift */ = {isa = PBXFileReference; fileEncoding = 4; lastKnownFileType = sourcecode.swift; path = EndPoints.swift; sourceTree = "<group>"; };
		8370D3652961B240002F5710 /* CommunicationManager.swift */ = {isa = PBXFileReference; fileEncoding = 4; lastKnownFileType = sourcecode.swift; path = CommunicationManager.swift; sourceTree = "<group>"; };
		8370D3662961B240002F5710 /* ErrorHandling.swift */ = {isa = PBXFileReference; fileEncoding = 4; lastKnownFileType = sourcecode.swift; path = ErrorHandling.swift; sourceTree = "<group>"; };
		8370D3672961B240002F5710 /* ErrorManager.swift */ = {isa = PBXFileReference; fileEncoding = 4; lastKnownFileType = sourcecode.swift; path = ErrorManager.swift; sourceTree = "<group>"; };
		8370D3792961B3C6002F5710 /* PlacesModel.swift */ = {isa = PBXFileReference; lastKnownFileType = sourcecode.swift; path = PlacesModel.swift; sourceTree = "<group>"; };
		8370D37C2961B8C5002F5710 /* PlacesRemoteDataSource.swift */ = {isa = PBXFileReference; lastKnownFileType = sourcecode.swift; path = PlacesRemoteDataSource.swift; sourceTree = "<group>"; };
		8370D37F2961BDBD002F5710 /* PlacesLayoutViewModel.swift */ = {isa = PBXFileReference; lastKnownFileType = sourcecode.swift; path = PlacesLayoutViewModel.swift; sourceTree = "<group>"; };
		8370D3812961C031002F5710 /* PlacesViewModel.swift */ = {isa = PBXFileReference; lastKnownFileType = sourcecode.swift; path = PlacesViewModel.swift; sourceTree = "<group>"; };
		8370D38329630683002F5710 /* PositionModel.swift */ = {isa = PBXFileReference; lastKnownFileType = sourcecode.swift; path = PositionModel.swift; sourceTree = "<group>"; };
		8370D38529630747002F5710 /* PositionsLayoutViewModel.swift */ = {isa = PBXFileReference; lastKnownFileType = sourcecode.swift; path = PositionsLayoutViewModel.swift; sourceTree = "<group>"; };
/* End PBXFileReference section */

/* Begin PBXFrameworksBuildPhase section */
		8370D3422961AEA7002F5710 /* Frameworks */ = {
			isa = PBXFrameworksBuildPhase;
			buildActionMask = 2147483647;
			files = (
			);
			runOnlyForDeploymentPostprocessing = 0;
		};
/* End PBXFrameworksBuildPhase section */

/* Begin PBXGroup section */
		8370D33C2961AEA7002F5710 = {
			isa = PBXGroup;
			children = (
				8370D3472961AEA7002F5710 /* GetPlaces */,
				8370D3462961AEA7002F5710 /* Products */,
			);
			sourceTree = "<group>";
		};
		8370D3462961AEA7002F5710 /* Products */ = {
			isa = PBXGroup;
			children = (
				8370D3452961AEA7002F5710 /* GetPlaces.app */,
			);
			name = Products;
			sourceTree = "<group>";
		};
		8370D3472961AEA7002F5710 /* GetPlaces */ = {
			isa = PBXGroup;
			children = (
				8370D3482961AEA7002F5710 /* AppDelegate.swift */,
				8370D34A2961AEA7002F5710 /* SceneDelegate.swift */,
				8370D3512961AEA9002F5710 /* Assets.xcassets */,
				8370D3532961AEA9002F5710 /* LaunchScreen.storyboard */,
				8370D3562961AEA9002F5710 /* Info.plist */,
				8370D3742961B342002F5710 /* Presentation */,
				8370D3762961B368002F5710 /* Business Logic */,
				8370D35C2961B240002F5710 /* Core */,
			);
			path = GetPlaces;
			sourceTree = "<group>";
		};
		8370D35C2961B240002F5710 /* Core */ = {
			isa = PBXGroup;
			children = (
				8370D35D2961B240002F5710 /* LoadingManager.swift */,
				8370D35E2961B240002F5710 /* AUX */,
				8370D3622961B240002F5710 /* Communication */,
			);
			path = Core;
			sourceTree = "<group>";
		};
		8370D35E2961B240002F5710 /* AUX */ = {
			isa = PBXGroup;
			children = (
				8370D35F2961B240002F5710 /* Constants.swift */,
				8370D3612961B240002F5710 /* Extensions.swift */,
			);
			path = AUX;
			sourceTree = "<group>";
		};
		8370D3622961B240002F5710 /* Communication */ = {
			isa = PBXGroup;
			children = (
				8370D3632961B240002F5710 /* CodableManager.swift */,
				8370D3642961B240002F5710 /* EndPoints.swift */,
				8370D3652961B240002F5710 /* CommunicationManager.swift */,
				8370D3662961B240002F5710 /* ErrorHandling.swift */,
				8370D3672961B240002F5710 /* ErrorManager.swift */,
			);
			path = Communication;
			sourceTree = "<group>";
		};
		8370D3742961B342002F5710 /* Presentation */ = {
			isa = PBXGroup;
			children = (
				8370D3752961B350002F5710 /* Places */,
			);
			path = Presentation;
			sourceTree = "<group>";
		};
		8370D3752961B350002F5710 /* Places */ = {
			isa = PBXGroup;
			children = (
				8370D34C2961AEA7002F5710 /* PlacesViewController.swift */,
			);
			path = Places;
			sourceTree = "<group>";
		};
		8370D3762961B368002F5710 /* Business Logic */ = {
			isa = PBXGroup;
			children = (
				8370D3772961B36F002F5710 /* Places */,
			);
			path = "Business Logic";
			sourceTree = "<group>";
		};
		8370D3772961B36F002F5710 /* Places */ = {
			isa = PBXGroup;
			children = (
				8370D37E2961BDA1002F5710 /* ViewModel */,
				8370D37B2961B8A5002F5710 /* DataSource */,
				8370D3782961B379002F5710 /* Model */,
			);
			path = Places;
			sourceTree = "<group>";
		};
		8370D3782961B379002F5710 /* Model */ = {
			isa = PBXGroup;
			children = (
				8370D3792961B3C6002F5710 /* PlacesModel.swift */,
				8370D38329630683002F5710 /* PositionModel.swift */,
			);
			path = Model;
			sourceTree = "<group>";
		};
		8370D37B2961B8A5002F5710 /* DataSource */ = {
			isa = PBXGroup;
			children = (
				8370D37C2961B8C5002F5710 /* PlacesRemoteDataSource.swift */,
			);
			path = DataSource;
			sourceTree = "<group>";
		};
		8370D37E2961BDA1002F5710 /* ViewModel */ = {
			isa = PBXGroup;
			children = (
				8370D37F2961BDBD002F5710 /* PlacesLayoutViewModel.swift */,
				8370D38529630747002F5710 /* PositionsLayoutViewModel.swift */,
				8370D3812961C031002F5710 /* PlacesViewModel.swift */,
			);
			path = ViewModel;
			sourceTree = "<group>";
		};
/* End PBXGroup section */

/* Begin PBXNativeTarget section */
		8370D3442961AEA7002F5710 /* GetPlaces */ = {
			isa = PBXNativeTarget;
			buildConfigurationList = 8370D3592961AEA9002F5710 /* Build configuration list for PBXNativeTarget "GetPlaces" */;
			buildPhases = (
				8370D3412961AEA7002F5710 /* Sources */,
				8370D3422961AEA7002F5710 /* Frameworks */,
				8370D3432961AEA7002F5710 /* Resources */,
			);
			buildRules = (
			);
			dependencies = (
			);
			name = GetPlaces;
			productName = GetPlaces;
			productReference = 8370D3452961AEA7002F5710 /* GetPlaces.app */;
			productType = "com.apple.product-type.application";
		};
/* End PBXNativeTarget section */

/* Begin PBXProject section */
		8370D33D2961AEA7002F5710 /* Project object */ = {
			isa = PBXProject;
			attributes = {
				BuildIndependentTargetsInParallel = 1;
				LastSwiftUpdateCheck = 1420;
				LastUpgradeCheck = 1420;
				TargetAttributes = {
					8370D3442961AEA7002F5710 = {
						CreatedOnToolsVersion = 14.2;
					};
				};
			};
			buildConfigurationList = 8370D3402961AEA7002F5710 /* Build configuration list for PBXProject "GetPlaces" */;
			compatibilityVersion = "Xcode 14.0";
			developmentRegion = en;
			hasScannedForEncodings = 0;
			knownRegions = (
				en,
				Base,
			);
			mainGroup = 8370D33C2961AEA7002F5710;
			productRefGroup = 8370D3462961AEA7002F5710 /* Products */;
			projectDirPath = "";
			projectRoot = "";
			targets = (
				8370D3442961AEA7002F5710 /* GetPlaces */,
			);
		};
/* End PBXProject section */

/* Begin PBXResourcesBuildPhase section */
		8370D3432961AEA7002F5710 /* Resources */ = {
			isa = PBXResourcesBuildPhase;
			buildActionMask = 2147483647;
			files = (
				8370D3552961AEA9002F5710 /* LaunchScreen.storyboard in Resources */,
				8370D3522961AEA9002F5710 /* Assets.xcassets in Resources */,
			);
			runOnlyForDeploymentPostprocessing = 0;
		};
/* End PBXResourcesBuildPhase section */

/* Begin PBXSourcesBuildPhase section */
		8370D3412961AEA7002F5710 /* Sources */ = {
			isa = PBXSourcesBuildPhase;
			buildActionMask = 2147483647;
			files = (
				8370D3822961C031002F5710 /* PlacesViewModel.swift in Sources */,
				8370D36F2961B241002F5710 /* CommunicationManager.swift in Sources */,
				8370D36A2961B241002F5710 /* Constants.swift in Sources */,
				8370D36E2961B241002F5710 /* EndPoints.swift in Sources */,
				8370D38429630683002F5710 /* PositionModel.swift in Sources */,
				8370D37D2961B8C5002F5710 /* PlacesRemoteDataSource.swift in Sources */,
				8370D3692961B240002F5710 /* LoadingManager.swift in Sources */,
				8370D34D2961AEA7002F5710 /* PlacesViewController.swift in Sources */,
				8370D37A2961B3C6002F5710 /* PlacesModel.swift in Sources */,
				8370D3492961AEA7002F5710 /* AppDelegate.swift in Sources */,
				8370D3712961B241002F5710 /* ErrorManager.swift in Sources */,
				8370D3702961B241002F5710 /* ErrorHandling.swift in Sources */,
				8370D3802961BDBD002F5710 /* PlacesLayoutViewModel.swift in Sources */,
				8370D36D2961B241002F5710 /* CodableManager.swift in Sources */,
				8370D38629630747002F5710 /* PositionsLayoutViewModel.swift in Sources */,
				8370D34B2961AEA7002F5710 /* SceneDelegate.swift in Sources */,
				8370D36C2961B241002F5710 /* Extensions.swift in Sources */,
			);
			runOnlyForDeploymentPostprocessing = 0;
		};
/* End PBXSourcesBuildPhase section */

/* Begin PBXVariantGroup section */
		8370D3532961AEA9002F5710 /* LaunchScreen.storyboard */ = {
			isa = PBXVariantGroup;
			children = (
				8370D3542961AEA9002F5710 /* Base */,
			);
			name = LaunchScreen.storyboard;
			sourceTree = "<group>";
		};
/* End PBXVariantGroup section */

/* Begin XCBuildConfiguration section */
		8370D3572961AEA9002F5710 /* Debug */ = {
			isa = XCBuildConfiguration;
			buildSettings = {
				ALWAYS_SEARCH_USER_PATHS = NO;
				CLANG_ANALYZER_NONNULL = YES;
				CLANG_ANALYZER_NUMBER_OBJECT_CONVERSION = YES_AGGRESSIVE;
				CLANG_CXX_LANGUAGE_STANDARD = "gnu++20";
				CLANG_ENABLE_MODULES = YES;
				CLANG_ENABLE_OBJC_ARC = YES;
				CLANG_ENABLE_OBJC_WEAK = YES;
				CLANG_WARN_BLOCK_CAPTURE_AUTORELEASING = YES;
				CLANG_WARN_BOOL_CONVERSION = YES;
				CLANG_WARN_COMMA = YES;
				CLANG_WARN_CONSTANT_CONVERSION = YES;
				CLANG_WARN_DEPRECATED_OBJC_IMPLEMENTATIONS = YES;
				CLANG_WARN_DIRECT_OBJC_ISA_USAGE = YES_ERROR;
				CLANG_WARN_DOCUMENTATION_COMMENTS = YES;
				CLANG_WARN_EMPTY_BODY = YES;
				CLANG_WARN_ENUM_CONVERSION = YES;
				CLANG_WARN_INFINITE_RECURSION = YES;
				CLANG_WARN_INT_CONVERSION = YES;
				CLANG_WARN_NON_LITERAL_NULL_CONVERSION = YES;
				CLANG_WARN_OBJC_IMPLICIT_RETAIN_SELF = YES;
				CLANG_WARN_OBJC_LITERAL_CONVERSION = YES;
				CLANG_WARN_OBJC_ROOT_CLASS = YES_ERROR;
				CLANG_WARN_QUOTED_INCLUDE_IN_FRAMEWORK_HEADER = YES;
				CLANG_WARN_RANGE_LOOP_ANALYSIS = YES;
				CLANG_WARN_STRICT_PROTOTYPES = YES;
				CLANG_WARN_SUSPICIOUS_MOVE = YES;
				CLANG_WARN_UNGUARDED_AVAILABILITY = YES_AGGRESSIVE;
				CLANG_WARN_UNREACHABLE_CODE = YES;
				CLANG_WARN__DUPLICATE_METHOD_MATCH = YES;
				COPY_PHASE_STRIP = NO;
				DEBUG_INFORMATION_FORMAT = dwarf;
				ENABLE_STRICT_OBJC_MSGSEND = YES;
				ENABLE_TESTABILITY = YES;
				GCC_C_LANGUAGE_STANDARD = gnu11;
				GCC_DYNAMIC_NO_PIC = NO;
				GCC_NO_COMMON_BLOCKS = YES;
				GCC_OPTIMIZATION_LEVEL = 0;
				GCC_PREPROCESSOR_DEFINITIONS = (
					"DEBUG=1",
					"$(inherited)",
				);
				GCC_WARN_64_TO_32_BIT_CONVERSION = YES;
				GCC_WARN_ABOUT_RETURN_TYPE = YES_ERROR;
				GCC_WARN_UNDECLARED_SELECTOR = YES;
				GCC_WARN_UNINITIALIZED_AUTOS = YES_AGGRESSIVE;
				GCC_WARN_UNUSED_FUNCTION = YES;
				GCC_WARN_UNUSED_VARIABLE = YES;
				IPHONEOS_DEPLOYMENT_TARGET = 16.2;
				MTL_ENABLE_DEBUG_INFO = INCLUDE_SOURCE;
				MTL_FAST_MATH = YES;
				ONLY_ACTIVE_ARCH = YES;
				SDKROOT = iphoneos;
				SWIFT_ACTIVE_COMPILATION_CONDITIONS = DEBUG;
				SWIFT_OPTIMIZATION_LEVEL = "-Onone";
			};
			name = Debug;
		};
		8370D3582961AEA9002F5710 /* Release */ = {
			isa = XCBuildConfiguration;
			buildSettings = {
				ALWAYS_SEARCH_USER_PATHS = NO;
				CLANG_ANALYZER_NONNULL = YES;
				CLANG_ANALYZER_NUMBER_OBJECT_CONVERSION = YES_AGGRESSIVE;
				CLANG_CXX_LANGUAGE_STANDARD = "gnu++20";
				CLANG_ENABLE_MODULES = YES;
				CLANG_ENABLE_OBJC_ARC = YES;
				CLANG_ENABLE_OBJC_WEAK = YES;
				CLANG_WARN_BLOCK_CAPTURE_AUTORELEASING = YES;
				CLANG_WARN_BOOL_CONVERSION = YES;
				CLANG_WARN_COMMA = YES;
				CLANG_WARN_CONSTANT_CONVERSION = YES;
				CLANG_WARN_DEPRECATED_OBJC_IMPLEMENTATIONS = YES;
				CLANG_WARN_DIRECT_OBJC_ISA_USAGE = YES_ERROR;
				CLANG_WARN_DOCUMENTATION_COMMENTS = YES;
				CLANG_WARN_EMPTY_BODY = YES;
				CLANG_WARN_ENUM_CONVERSION = YES;
				CLANG_WARN_INFINITE_RECURSION = YES;
				CLANG_WARN_INT_CONVERSION = YES;
				CLANG_WARN_NON_LITERAL_NULL_CONVERSION = YES;
				CLANG_WARN_OBJC_IMPLICIT_RETAIN_SELF = YES;
				CLANG_WARN_OBJC_LITERAL_CONVERSION = YES;
				CLANG_WARN_OBJC_ROOT_CLASS = YES_ERROR;
				CLANG_WARN_QUOTED_INCLUDE_IN_FRAMEWORK_HEADER = YES;
				CLANG_WARN_RANGE_LOOP_ANALYSIS = YES;
				CLANG_WARN_STRICT_PROTOTYPES = YES;
				CLANG_WARN_SUSPICIOUS_MOVE = YES;
				CLANG_WARN_UNGUARDED_AVAILABILITY = YES_AGGRESSIVE;
				CLANG_WARN_UNREACHABLE_CODE = YES;
				CLANG_WARN__DUPLICATE_METHOD_MATCH = YES;
				COPY_PHASE_STRIP = NO;
				DEBUG_INFORMATION_FORMAT = "dwarf-with-dsym";
				ENABLE_NS_ASSERTIONS = NO;
				ENABLE_STRICT_OBJC_MSGSEND = YES;
				GCC_C_LANGUAGE_STANDARD = gnu11;
				GCC_NO_COMMON_BLOCKS = YES;
				GCC_WARN_64_TO_32_BIT_CONVERSION = YES;
				GCC_WARN_ABOUT_RETURN_TYPE = YES_ERROR;
				GCC_WARN_UNDECLARED_SELECTOR = YES;
				GCC_WARN_UNINITIALIZED_AUTOS = YES_AGGRESSIVE;
				GCC_WARN_UNUSED_FUNCTION = YES;
				GCC_WARN_UNUSED_VARIABLE = YES;
				IPHONEOS_DEPLOYMENT_TARGET = 16.2;
				MTL_ENABLE_DEBUG_INFO = NO;
				MTL_FAST_MATH = YES;
				SDKROOT = iphoneos;
				SWIFT_COMPILATION_MODE = wholemodule;
				SWIFT_OPTIMIZATION_LEVEL = "-O";
				VALIDATE_PRODUCT = YES;
			};
			name = Release;
		};
		8370D35A2961AEA9002F5710 /* Debug */ = {
			isa = XCBuildConfiguration;
			buildSettings = {
				ASSETCATALOG_COMPILER_APPICON_NAME = AppIcon;
				ASSETCATALOG_COMPILER_GLOBAL_ACCENT_COLOR_NAME = AccentColor;
				CODE_SIGN_STYLE = Automatic;
				CURRENT_PROJECT_VERSION = 1;
				GENERATE_INFOPLIST_FILE = YES;
				INFOPLIST_FILE = GetPlaces/Info.plist;
				INFOPLIST_KEY_UIApplicationSupportsIndirectInputEvents = YES;
				INFOPLIST_KEY_UILaunchStoryboardName = LaunchScreen;
				INFOPLIST_KEY_UISupportedInterfaceOrientations_iPad = "UIInterfaceOrientationPortrait UIInterfaceOrientationPortraitUpsideDown UIInterfaceOrientationLandscapeLeft UIInterfaceOrientationLandscapeRight";
				INFOPLIST_KEY_UISupportedInterfaceOrientations_iPhone = "UIInterfaceOrientationPortrait UIInterfaceOrientationLandscapeLeft UIInterfaceOrientationLandscapeRight";
				LD_RUNPATH_SEARCH_PATHS = (
					"$(inherited)",
					"@executable_path/Frameworks",
				);
				MARKETING_VERSION = 1.0;
				PRODUCT_BUNDLE_IDENTIFIER = com.bola.GetPlaces;
				PRODUCT_NAME = "$(TARGET_NAME)";
				SWIFT_EMIT_LOC_STRINGS = YES;
				SWIFT_VERSION = 5.0;
				TARGETED_DEVICE_FAMILY = "1,2";
			};
			name = Debug;
		};
		8370D35B2961AEA9002F5710 /* Release */ = {
			isa = XCBuildConfiguration;
			buildSettings = {
				ASSETCATALOG_COMPILER_APPICON_NAME = AppIcon;
				ASSETCATALOG_COMPILER_GLOBAL_ACCENT_COLOR_NAME = AccentColor;
				CODE_SIGN_STYLE = Automatic;
				CURRENT_PROJECT_VERSION = 1;
				GENERATE_INFOPLIST_FILE = YES;
				INFOPLIST_FILE = GetPlaces/Info.plist;
				INFOPLIST_KEY_UIApplicationSupportsIndirectInputEvents = YES;
				INFOPLIST_KEY_UILaunchStoryboardName = LaunchScreen;
				INFOPLIST_KEY_UISupportedInterfaceOrientations_iPad = "UIInterfaceOrientationPortrait UIInterfaceOrientationPortraitUpsideDown UIInterfaceOrientationLandscapeLeft UIInterfaceOrientationLandscapeRight";
				INFOPLIST_KEY_UISupportedInterfaceOrientations_iPhone = "UIInterfaceOrientationPortrait UIInterfaceOrientationLandscapeLeft UIInterfaceOrientationLandscapeRight";
				LD_RUNPATH_SEARCH_PATHS = (
					"$(inherited)",
					"@executable_path/Frameworks",
				);
				MARKETING_VERSION = 1.0;
				PRODUCT_BUNDLE_IDENTIFIER = com.bola.GetPlaces;
				PRODUCT_NAME = "$(TARGET_NAME)";
				SWIFT_EMIT_LOC_STRINGS = YES;
				SWIFT_VERSION = 5.0;
				TARGETED_DEVICE_FAMILY = "1,2";
			};
			name = Release;
		};
/* End XCBuildConfiguration section */

/* Begin XCConfigurationList section */
		8370D3402961AEA7002F5710 /* Build configuration list for PBXProject "GetPlaces" */ = {
			isa = XCConfigurationList;
			buildConfigurations = (
				8370D3572961AEA9002F5710 /* Debug */,
				8370D3582961AEA9002F5710 /* Release */,
			);
			defaultConfigurationIsVisible = 0;
			defaultConfigurationName = Release;
		};
		8370D3592961AEA9002F5710 /* Build configuration list for PBXNativeTarget "GetPlaces" */ = {
			isa = XCConfigurationList;
			buildConfigurations = (
				8370D35A2961AEA9002F5710 /* Debug */,
				8370D35B2961AEA9002F5710 /* Release */,
			);
			defaultConfigurationIsVisible = 0;
			defaultConfigurationName = Release;
		};
/* End XCConfigurationList section */
	};
	rootObject = 8370D33D2961AEA7002F5710 /* Project object */;
}
